
Microsoft Visual Studio Solution File, Format Version 12.00
# Visual Studio Version 17
VisualStudioVersion = 17.8.34330.188
MinimumVisualStudioVersion = 10.0.40219.1
Project("{FAE04EC0-301F-11D3-BF4B-00C04F79EFBC}") = "Blok18F_C#", "denem2\Blok18F_C#.csproj", "{95C4EC48-7102-4B3A-A4A0-737404567DE3}"
EndProject
Project("{2150E333-8FDC-42A3-9474-1A3956D46DE8}") = "Solution Items", "Solution Items", "{18E5D2EB-949F-4463-A44B-3461D1521448}"
	ProjectSection(SolutionItems) = preProject
		packages\FontAwesome.Sharp.5.15.3\ds_digital\DS-DIGI.TTF = packages\FontAwesome.Sharp.5.15.3\ds_digital\DS-DIGI.TTF
		packages\FontAwesome.Sharp.5.15.3\ds_digital\DS-DIGIB.TTF = packages\FontAwesome.Sharp.5.15.3\ds_digital\DS-DIGIB.TTF
		packages\FontAwesome.Sharp.5.15.3\ds_digital\DS-DIGII.TTF = packages\FontAwesome.Sharp.5.15.3\ds_digital\DS-DIGII.TTF
		packages\FontAwesome.Sharp.5.15.3\ds_digital\DS-DIGIT.TTF = packages\FontAwesome.Sharp.5.15.3\ds_digital\DS-DIGIT.TTF
	EndProjectSection
EndProject
Global
	GlobalSection(SolutionConfigurationPlatforms) = preSolution
		Debug|Any CPU = Debug|Any CPU
		Release|Any CPU = Release|Any CPU
	EndGlobalSection
	GlobalSection(ProjectConfigurationPlatforms) = postSolution
		{95C4EC48-7102-4B3A-A4A0-737404567DE3}.Debug|Any CPU.ActiveCfg = Debug|Any CPU
		{95C4EC48-7102-4B3A-A4A0-737404567DE3}.Debug|Any CPU.Build.0 = Debug|Any CPU
		{95C4EC48-7102-4B3A-A4A0-737404567DE3}.Release|Any CPU.ActiveCfg = Release|Any CPU
		{95C4EC48-7102-4B3A-A4A0-737404567DE3}.Release|Any CPU.Build.0 = Release|Any CPU
	EndGlobalSection
	GlobalSection(SolutionProperties) = preSolution
		HideSolutionNode = FALSE
	EndGlobalSection
	GlobalSection(ExtensibilityGlobals) = postSolution
		SolutionGuid = {954075A4-A15F-40F0-8144-18CFB31D8EA7}
	EndGlobalSection
EndGlobal
